
Microsoft Visual Studio Solution File, Format Version 12.00
# Visual Studio Version 17
VisualStudioVersion = 17.13.35825.156
MinimumVisualStudioVersion = 10.0.40219.1
Project("{FAE04EC0-301F-11D3-BF4B-00C04F79EFBC}") = "Ticketing.Ticket.API", "src\Ticketing.Ticket.API\Ticketing.Ticket.API.csproj", "{49C401AC-7079-4E11-A7F0-A731C8C89F47}"
EndProject
Project("{2150E333-8FDC-42A3-9474-1A3956D46DE8}") = "src", "src", "{02EA681E-C7D8-13C7-8484-4AC65E1B71E8}"
EndProject
Project("{2150E333-8FDC-42A3-9474-1A3956D46DE8}") = "client", "client", "{B2894AFC-2ED3-4C37-896E-C82C6FEB342C}"
EndProject
Project("{FAE04EC0-301F-11D3-BF4B-00C04F79EFBC}") = "Ticketing.Ticket.Application", "src\Ticketing.Ticket.Application\Ticketing.Ticket.Application.csproj", "{45713441-D7DE-4FA4-895F-F1B731ECE953}"
EndProject
Project("{FAE04EC0-301F-11D3-BF4B-00C04F79EFBC}") = "Ticketing.Ticket.Domain", "src\Ticketing.Ticket.Domain\Ticketing.Ticket.Domain.csproj", "{21012B46-ABB3-4D0C-B4D2-8D4DFFC50ADB}"
EndProject
Project("{FAE04EC0-301F-11D3-BF4B-00C04F79EFBC}") = "Ticketing.Ticket.Infrastructure", "src\Ticketing.Ticket.Infrastructure\Ticketing.Ticket.Infrastructure.csproj", "{A85B91B2-1397-44AA-B6D4-B30227DD9BE0}"
EndProject
Project("{FAE04EC0-301F-11D3-BF4B-00C04F79EFBC}") = "Ticketing.Ticket.Client", "src\client\Ticketing.Ticket.Client\Ticketing.Ticket.Client.csproj", "{2F633722-7AE3-4635-9E10-3B01829FE840}"
EndProject
Project("{2150E333-8FDC-42A3-9474-1A3956D46DE8}") = "test", "test", "{479E0236-1411-4ACC-A878-B2202BE90748}"
EndProject
Project("{FAE04EC0-301F-11D3-BF4B-00C04F79EFBC}") = "Ticketing.Ticket.Application.Tests", "test\Ticketing.Ticket.Application.Tests\Ticketing.Ticket.Application.Tests.csproj", "{A4B4EE3E-DCE8-4FA6-B042-8954208CF991}"
EndProject
Project("{FAE04EC0-301F-11D3-BF4B-00C04F79EFBC}") = "Ticketing.Ticket.Domain.Tests", "test\Ticketing.Ticket.Domain.Tests\Ticketing.Ticket.Domain.Tests.csproj", "{9C3A276A-052E-4AD0-AFD9-63743CCEC092}"
EndProject
Project("{FAE04EC0-301F-11D3-BF4B-00C04F79EFBC}") = "Ticketing.Ticket.Infrastructure.Tests", "test\Ticketing.Ticket.Infrastructure.Tests\Ticketing.Ticket.Infrastructure.Tests.csproj", "{EFC0DB38-458B-4F92-8A14-91732D3DEDEF}"
EndProject
Project("{FAE04EC0-301F-11D3-BF4B-00C04F79EFBC}") = "Ticketing.Ticket.TestCommon", "test\Ticketing.Ticket.TestCommon\Ticketing.Ticket.TestCommon.csproj", "{14253825-3700-451A-A916-6AFE1C7D80D1}"
EndProject
Project("{2150E333-8FDC-42A3-9474-1A3956D46DE8}") = "core", "core", "{D5749D7D-B693-42B5-833C-B7A6E4FEF548}"
EndProject
Project("{FAE04EC0-301F-11D3-BF4B-00C04F79EFBC}") = "Ticketing.Core.Service.Messenger.RabbitMQ", "..\Ticketing.Core\Ticketing.Core.Service.Messenger.RabbitMQ\Ticketing.Core.Service.Messenger.RabbitMQ.csproj", "{62600FF7-4469-F617-CEC7-F365BF5D0381}"
EndProject
Project("{FAE04EC0-301F-11D3-BF4B-00C04F79EFBC}") = "Ticketing.Core.Service.Messenger", "..\Ticketing.Core\Ticketing.Core.Service.Messenger\Ticketing.Core.Service.Messenger.csproj", "{C9A62B15-45B5-D3CA-244B-05419BCD7440}"
EndProject
Project("{FAE04EC0-301F-11D3-BF4B-00C04F79EFBC}") = "Ticketing.Core.Service.IntegrationEvents", "..\Ticketing.Core\Ticketing.Core.Service.IntegrationEvents\Ticketing.Core.Service.IntegrationEvents.csproj", "{7C07E842-AD5A-49C7-3D47-E2DF82BF46F1}"
EndProject
Global
	GlobalSection(SolutionConfigurationPlatforms) = preSolution
		Debug|Any CPU = Debug|Any CPU
		Release|Any CPU = Release|Any CPU
	EndGlobalSection
	GlobalSection(ProjectConfigurationPlatforms) = postSolution
		{49C401AC-7079-4E11-A7F0-A731C8C89F47}.Debug|Any CPU.ActiveCfg = Debug|Any CPU
		{49C401AC-7079-4E11-A7F0-A731C8C89F47}.Debug|Any CPU.Build.0 = Debug|Any CPU
		{49C401AC-7079-4E11-A7F0-A731C8C89F47}.Release|Any CPU.ActiveCfg = Release|Any CPU
		{49C401AC-7079-4E11-A7F0-A731C8C89F47}.Release|Any CPU.Build.0 = Release|Any CPU
		{45713441-D7DE-4FA4-895F-F1B731ECE953}.Debug|Any CPU.ActiveCfg = Debug|Any CPU
		{45713441-D7DE-4FA4-895F-F1B731ECE953}.Debug|Any CPU.Build.0 = Debug|Any CPU
		{45713441-D7DE-4FA4-895F-F1B731ECE953}.Release|Any CPU.ActiveCfg = Release|Any CPU
		{45713441-D7DE-4FA4-895F-F1B731ECE953}.Release|Any CPU.Build.0 = Release|Any CPU
		{21012B46-ABB3-4D0C-B4D2-8D4DFFC50ADB}.Debug|Any CPU.ActiveCfg = Debug|Any CPU
		{21012B46-ABB3-4D0C-B4D2-8D4DFFC50ADB}.Debug|Any CPU.Build.0 = Debug|Any CPU
		{21012B46-ABB3-4D0C-B4D2-8D4DFFC50ADB}.Release|Any CPU.ActiveCfg = Release|Any CPU
		{21012B46-ABB3-4D0C-B4D2-8D4DFFC50ADB}.Release|Any CPU.Build.0 = Release|Any CPU
		{A85B91B2-1397-44AA-B6D4-B30227DD9BE0}.Debug|Any CPU.ActiveCfg = Debug|Any CPU
		{A85B91B2-1397-44AA-B6D4-B30227DD9BE0}.Debug|Any CPU.Build.0 = Debug|Any CPU
		{A85B91B2-1397-44AA-B6D4-B30227DD9BE0}.Release|Any CPU.ActiveCfg = Release|Any CPU
		{A85B91B2-1397-44AA-B6D4-B30227DD9BE0}.Release|Any CPU.Build.0 = Release|Any CPU
		{2F633722-7AE3-4635-9E10-3B01829FE840}.Debug|Any CPU.ActiveCfg = Debug|Any CPU
		{2F633722-7AE3-4635-9E10-3B01829FE840}.Debug|Any CPU.Build.0 = Debug|Any CPU
		{2F633722-7AE3-4635-9E10-3B01829FE840}.Release|Any CPU.ActiveCfg = Release|Any CPU
		{2F633722-7AE3-4635-9E10-3B01829FE840}.Release|Any CPU.Build.0 = Release|Any CPU
		{A4B4EE3E-DCE8-4FA6-B042-8954208CF991}.Debug|Any CPU.ActiveCfg = Debug|Any CPU
		{A4B4EE3E-DCE8-4FA6-B042-8954208CF991}.Debug|Any CPU.Build.0 = Debug|Any CPU
		{A4B4EE3E-DCE8-4FA6-B042-8954208CF991}.Release|Any CPU.ActiveCfg = Release|Any CPU
		{A4B4EE3E-DCE8-4FA6-B042-8954208CF991}.Release|Any CPU.Build.0 = Release|Any CPU
		{9C3A276A-052E-4AD0-AFD9-63743CCEC092}.Debug|Any CPU.ActiveCfg = Debug|Any CPU
		{9C3A276A-052E-4AD0-AFD9-63743CCEC092}.Debug|Any CPU.Build.0 = Debug|Any CPU
		{9C3A276A-052E-4AD0-AFD9-63743CCEC092}.Release|Any CPU.ActiveCfg = Release|Any CPU
		{9C3A276A-052E-4AD0-AFD9-63743CCEC092}.Release|Any CPU.Build.0 = Release|Any CPU
		{EFC0DB38-458B-4F92-8A14-91732D3DEDEF}.Debug|Any CPU.ActiveCfg = Debug|Any CPU
		{EFC0DB38-458B-4F92-8A14-91732D3DEDEF}.Debug|Any CPU.Build.0 = Debug|Any CPU
		{EFC0DB38-458B-4F92-8A14-91732D3DEDEF}.Release|Any CPU.ActiveCfg = Release|Any CPU
		{EFC0DB38-458B-4F92-8A14-91732D3DEDEF}.Release|Any CPU.Build.0 = Release|Any CPU
		{14253825-3700-451A-A916-6AFE1C7D80D1}.Debug|Any CPU.ActiveCfg = Debug|Any CPU
		{14253825-3700-451A-A916-6AFE1C7D80D1}.Debug|Any CPU.Build.0 = Debug|Any CPU
		{14253825-3700-451A-A916-6AFE1C7D80D1}.Release|Any CPU.ActiveCfg = Release|Any CPU
		{14253825-3700-451A-A916-6AFE1C7D80D1}.Release|Any CPU.Build.0 = Release|Any CPU
		{62600FF7-4469-F617-CEC7-F365BF5D0381}.Debug|Any CPU.ActiveCfg = Debug|Any CPU
		{62600FF7-4469-F617-CEC7-F365BF5D0381}.Debug|Any CPU.Build.0 = Debug|Any CPU
		{62600FF7-4469-F617-CEC7-F365BF5D0381}.Release|Any CPU.ActiveCfg = Release|Any CPU
		{62600FF7-4469-F617-CEC7-F365BF5D0381}.Release|Any CPU.Build.0 = Release|Any CPU
		{C9A62B15-45B5-D3CA-244B-05419BCD7440}.Debug|Any CPU.ActiveCfg = Debug|Any CPU
		{C9A62B15-45B5-D3CA-244B-05419BCD7440}.Debug|Any CPU.Build.0 = Debug|Any CPU
		{C9A62B15-45B5-D3CA-244B-05419BCD7440}.Release|Any CPU.ActiveCfg = Release|Any CPU
		{C9A62B15-45B5-D3CA-244B-05419BCD7440}.Release|Any CPU.Build.0 = Release|Any CPU
		{7C07E842-AD5A-49C7-3D47-E2DF82BF46F1}.Debug|Any CPU.ActiveCfg = Debug|Any CPU
		{7C07E842-AD5A-49C7-3D47-E2DF82BF46F1}.Debug|Any CPU.Build.0 = Debug|Any CPU
		{7C07E842-AD5A-49C7-3D47-E2DF82BF46F1}.Release|Any CPU.ActiveCfg = Release|Any CPU
		{7C07E842-AD5A-49C7-3D47-E2DF82BF46F1}.Release|Any CPU.Build.0 = Release|Any CPU
	EndGlobalSection
	GlobalSection(SolutionProperties) = preSolution
		HideSolutionNode = FALSE
	EndGlobalSection
	GlobalSection(NestedProjects) = preSolution
		{49C401AC-7079-4E11-A7F0-A731C8C89F47} = {02EA681E-C7D8-13C7-8484-4AC65E1B71E8}
		{B2894AFC-2ED3-4C37-896E-C82C6FEB342C} = {02EA681E-C7D8-13C7-8484-4AC65E1B71E8}
		{45713441-D7DE-4FA4-895F-F1B731ECE953} = {02EA681E-C7D8-13C7-8484-4AC65E1B71E8}
		{21012B46-ABB3-4D0C-B4D2-8D4DFFC50ADB} = {02EA681E-C7D8-13C7-8484-4AC65E1B71E8}
		{A85B91B2-1397-44AA-B6D4-B30227DD9BE0} = {02EA681E-C7D8-13C7-8484-4AC65E1B71E8}
		{2F633722-7AE3-4635-9E10-3B01829FE840} = {B2894AFC-2ED3-4C37-896E-C82C6FEB342C}
		{A4B4EE3E-DCE8-4FA6-B042-8954208CF991} = {479E0236-1411-4ACC-A878-B2202BE90748}
		{9C3A276A-052E-4AD0-AFD9-63743CCEC092} = {479E0236-1411-4ACC-A878-B2202BE90748}
		{EFC0DB38-458B-4F92-8A14-91732D3DEDEF} = {479E0236-1411-4ACC-A878-B2202BE90748}
		{14253825-3700-451A-A916-6AFE1C7D80D1} = {479E0236-1411-4ACC-A878-B2202BE90748}
		{D5749D7D-B693-42B5-833C-B7A6E4FEF548} = {02EA681E-C7D8-13C7-8484-4AC65E1B71E8}
		{62600FF7-4469-F617-CEC7-F365BF5D0381} = {D5749D7D-B693-42B5-833C-B7A6E4FEF548}
		{C9A62B15-45B5-D3CA-244B-05419BCD7440} = {D5749D7D-B693-42B5-833C-B7A6E4FEF548}
		{7C07E842-AD5A-49C7-3D47-E2DF82BF46F1} = {D5749D7D-B693-42B5-833C-B7A6E4FEF548}
	EndGlobalSection
	GlobalSection(ExtensibilityGlobals) = postSolution
		SolutionGuid = {BE30558C-036A-48BB-AB41-6506C51063FD}
	EndGlobalSection
EndGlobal
